// !$*UTF8*$!
{
	archiveVersion = 1;
	classes = {
	};
	objectVersion = 77;
	objects = {

/* Begin PBXBuildFile section */
		6199AACA16A99CB700C496D9 /* SimDriverApp.swift in Sources */ = {isa = PBXBuildFile; fileRef = AE318ACEC767A23021664B3D /* SimDriverApp.swift */; };
		8D5B51036541A3EC7F4C6F4E /* SimDriverUITests.swift in Sources */ = {isa = PBXBuildFile; fileRef = 25403FFE81CED120B282ECCF /* SimDriverUITests.swift */; };
/* End PBXBuildFile section */

/* Begin PBXContainerItemProxy section */
		5CC514772F6783F32861E857 /* PBXContainerItemProxy */ = {
			isa = PBXContainerItemProxy;
			containerPortal = E085796BA99314BC56761DC1 /* Project object */;
			proxyType = 1;
			remoteGlobalIDString = 5BC3D29FFA8B9659B43A8739;
			remoteInfo = SimDriver;
		};
/* End PBXContainerItemProxy section */

/* Begin PBXFileReference section */
		25403FFE81CED120B282ECCF /* SimDriverUITests.swift */ = {isa = PBXFileReference; lastKnownFileType = sourcecode.swift; path = SimDriverUITests.swift; sourceTree = "<group>"; };
		2E75633903C00F6EA7E2222A /* SimDriverUITests.xctest */ = {isa = PBXFileReference; includeInIndex = 0; lastKnownFileType = wrapper.cfbundle; path = SimDriverUITests.xctest; sourceTree = BUILT_PRODUCTS_DIR; };
		AE318ACEC767A23021664B3D /* SimDriverApp.swift */ = {isa = PBXFileReference; lastKnownFileType = sourcecode.swift; path = SimDriverApp.swift; sourceTree = "<group>"; };
		C952493D4283B004CE6A3E76 /* SimDriver.app */ = {isa = PBXFileReference; includeInIndex = 0; lastKnownFileType = wrapper.application; path = SimDriver.app; sourceTree = BUILT_PRODUCTS_DIR; };
/* End PBXFileReference section */

/* Begin PBXGroup section */
		636AF21791B2449D87FD0AA2 /* SimDriverUITests */ = {
			isa = PBXGroup;
			children = (
				25403FFE81CED120B282ECCF /* SimDriverUITests.swift */,
			);
			name = SimDriverUITests;
			path = SimDriver/SimDriverUITests;
			sourceTree = "<group>";
		};
		9EFE4715AE64EA56584D2D47 /* SimDriver */ = {
			isa = PBXGroup;
			children = (
				AE318ACEC767A23021664B3D /* SimDriverApp.swift */,
			);
			path = SimDriver;
			sourceTree = "<group>";
		};
		C02DD7AE1D7AF39B8C8A487B = {
			isa = PBXGroup;
			children = (
				9EFE4715AE64EA56584D2D47 /* SimDriver */,
				636AF21791B2449D87FD0AA2 /* SimDriverUITests */,
				FAEF8D80BE730156C8A51425 /* Products */,
			);
			sourceTree = "<group>";
		};
		FAEF8D80BE730156C8A51425 /* Products */ = {
			isa = PBXGroup;
			children = (
				C952493D4283B004CE6A3E76 /* SimDriver.app */,
				2E75633903C00F6EA7E2222A /* SimDriverUITests.xctest */,
			);
			name = Products;
			sourceTree = "<group>";
		};
/* End PBXGroup section */

/* Begin PBXNativeTarget section */
		30110EE4C5B07505075DA6B4 /* SimDriverUITests */ = {
			isa = PBXNativeTarget;
			buildConfigurationList = B6E027769B5E31B853318729 /* Build configuration list for PBXNativeTarget "SimDriverUITests" */;
			buildPhases = (
				00DB7BCD411512EF83AC09CB /* Sources */,
			);
			buildRules = (
			);
			dependencies = (
				9D7B3142EA121C4A2A9770F5 /* PBXTargetDependency */,
			);
			name = SimDriverUITests;
			packageProductDependencies = (
			);
			productName = SimDriverUITests;
			productReference = 2E75633903C00F6EA7E2222A /* SimDriverUITests.xctest */;
			productType = "com.apple.product-type.bundle.ui-testing";
		};
		5BC3D29FFA8B9659B43A8739 /* SimDriver */ = {
			isa = PBXNativeTarget;
			buildConfigurationList = 95A3D16C571EC988035B9C04 /* Build configuration list for PBXNativeTarget "SimDriver" */;
			buildPhases = (
				6073F69FC23799E77FE64C99 /* Sources */,
			);
			buildRules = (
			);
			dependencies = (
			);
			name = SimDriver;
			packageProductDependencies = (
			);
			productName = SimDriver;
			productReference = C952493D4283B004CE6A3E76 /* SimDriver.app */;
			productType = "com.apple.product-type.application";
		};
/* End PBXNativeTarget section */

/* Begin PBXProject section */
		E085796BA99314BC56761DC1 /* Project object */ = {
			isa = PBXProject;
			attributes = {
				BuildIndependentTargetsInParallel = YES;
				LastUpgradeCheck = 1430;
				TargetAttributes = {
					30110EE4C5B07505075DA6B4 = {
						TestTargetID = 5BC3D29FFA8B9659B43A8739;
					};
				};
			};
			buildConfigurationList = 49BE8D757667F2483452EE12 /* Build configuration list for PBXProject "SimDriver" */;
			developmentRegion = en;
			hasScannedForEncodings = 0;
			knownRegions = (
				Base,
				en,
			);
			mainGroup = C02DD7AE1D7AF39B8C8A487B;
			minimizedProjectReferenceProxies = 1;
			preferredProjectObjectVersion = 77;
			productRefGroup = FAEF8D80BE730156C8A51425 /* Products */;
			projectDirPath = "";
			projectRoot = "";
			targets = (
				5BC3D29FFA8B9659B43A8739 /* SimDriver */,
				30110EE4C5B07505075DA6B4 /* SimDriverUITests */,
			);
		};
/* End PBXProject section */

/* Begin PBXSourcesBuildPhase section */
		00DB7BCD411512EF83AC09CB /* Sources */ = {
			isa = PBXSourcesBuildPhase;
			buildActionMask = 2147483647;
			files = (
				8D5B51036541A3EC7F4C6F4E /* SimDriverUITests.swift in Sources */,
			);
			runOnlyForDeploymentPostprocessing = 0;
		};
		6073F69FC23799E77FE64C99 /* Sources */ = {
			isa = PBXSourcesBuildPhase;
			buildActionMask = 2147483647;
			files = (
				6199AACA16A99CB700C496D9 /* SimDriverApp.swift in Sources */,
			);
			runOnlyForDeploymentPostprocessing = 0;
		};
/* End PBXSourcesBuildPhase section */

/* Begin PBXTargetDependency section */
		9D7B3142EA121C4A2A9770F5 /* PBXTargetDependency */ = {
			isa = PBXTargetDependency;
			target = 5BC3D29FFA8B9659B43A8739 /* SimDriver */;
			targetProxy = 5CC514772F6783F32861E857 /* PBXContainerItemProxy */;
		};
/* End PBXTargetDependency section */

/* Begin XCBuildConfiguration section */
		02FA5980A8FDF1E1A2F072C1 /* Release */ = {
			isa = XCBuildConfiguration;
			buildSettings = {
				BUNDLE_LOADER = "$(TEST_HOST)";
				GENERATE_INFOPLIST_FILE = YES;
				INFOPLIST_GENERATION = YES;
				LD_RUNPATH_SEARCH_PATHS = (
					"$(inherited)",
					"@executable_path/Frameworks",
					"@loader_path/Frameworks",
				);
				PRODUCT_BUNDLE_IDENTIFIER = com.agentcontrol.simdriver.uitests;
				SDKROOT = iphoneos;
				TARGETED_DEVICE_FAMILY = "1,2";
				TEST_TARGET_NAME = SimDriver;
			};
			name = Release;
		};
		1BEC88A9A382E5722A8F96CA /* Release */ = {
			isa = XCBuildConfiguration;
			buildSettings = {
				ALWAYS_SEARCH_USER_PATHS = NO;
				CLANG_ANALYZER_NONNULL = YES;
				CLANG_ANALYZER_NUMBER_OBJECT_CONVERSION = YES_AGGRESSIVE;
				CLANG_CXX_LANGUAGE_STANDARD = "gnu++14";
				CLANG_CXX_LIBRARY = "libc++";
				CLANG_ENABLE_MODULES = YES;
				CLANG_ENABLE_OBJC_ARC = YES;
				CLANG_ENABLE_OBJC_WEAK = YES;
				CLANG_WARN_BLOCK_CAPTURE_AUTORELEASING = YES;
				CLANG_WARN_BOOL_CONVERSION = YES;
				CLANG_WARN_COMMA = YES;
				CLANG_WARN_CONSTANT_CONVERSION = YES;
				CLANG_WARN_DEPRECATED_OBJC_IMPLEMENTATIONS = YES;
				CLANG_WARN_DIRECT_OBJC_ISA_USAGE = YES_ERROR;
				CLANG_WARN_DOCUMENTATION_COMMENTS = YES;
				CLANG_WARN_EMPTY_BODY = YES;
				CLANG_WARN_ENUM_CONVERSION = YES;
				CLANG_WARN_INFINITE_RECURSION = YES;
				CLANG_WARN_INT_CONVERSION = YES;
				CLANG_WARN_NON_LITERAL_NULL_CONVERSION = YES;
				CLANG_WARN_OBJC_IMPLICIT_RETAIN_SELF = YES;
				CLANG_WARN_OBJC_LITERAL_CONVERSION = YES;
				CLANG_WARN_OBJC_ROOT_CLASS = YES_ERROR;
				CLANG_WARN_QUOTED_INCLUDE_IN_FRAMEWORK_HEADER = YES;
				CLANG_WARN_RANGE_LOOP_ANALYSIS = YES;
				CLANG_WARN_STRICT_PROTOTYPES = YES;
				CLANG_WARN_SUSPICIOUS_MOVE = YES;
				CLANG_WARN_UNGUARDED_AVAILABILITY = YES_AGGRESSIVE;
				CLANG_WARN_UNREACHABLE_CODE = YES;
				CLANG_WARN__DUPLICATE_METHOD_MATCH = YES;
				COPY_PHASE_STRIP = NO;
				DEBUG_INFORMATION_FORMAT = "dwarf-with-dsym";
				ENABLE_NS_ASSERTIONS = NO;
				ENABLE_STRICT_OBJC_MSGSEND = YES;
				GCC_C_LANGUAGE_STANDARD = gnu11;
				GCC_NO_COMMON_BLOCKS = YES;
				GCC_WARN_64_TO_32_BIT_CONVERSION = YES;
				GCC_WARN_ABOUT_RETURN_TYPE = YES_ERROR;
				GCC_WARN_UNDECLARED_SELECTOR = YES;
				GCC_WARN_UNINITIALIZED_AUTOS = YES_AGGRESSIVE;
				GCC_WARN_UNUSED_FUNCTION = YES;
				GCC_WARN_UNUSED_VARIABLE = YES;
				IPHONEOS_DEPLOYMENT_TARGET = 17.0;
				MTL_ENABLE_DEBUG_INFO = NO;
				MTL_FAST_MATH = YES;
				PRODUCT_NAME = "$(TARGET_NAME)";
				SDKROOT = iphoneos;
				SWIFT_COMPILATION_MODE = wholemodule;
				SWIFT_OPTIMIZATION_LEVEL = "-O";
				SWIFT_VERSION = 5.0;
			};
			name = Release;
		};
		458FC4544934500B1AA2A8BF /* Release */ = {
			isa = XCBuildConfiguration;
			buildSettings = {
				ASSETCATALOG_COMPILER_APPICON_NAME = AppIcon;
				CODE_SIGN_IDENTITY = "iPhone Developer";
				GENERATE_INFOPLIST_FILE = YES;
				INFOPLIST_GENERATION = YES;
				LD_RUNPATH_SEARCH_PATHS = (
					"$(inherited)",
					"@executable_path/Frameworks",
				);
				PRODUCT_BUNDLE_IDENTIFIER = com.agentcontrol.simdriver;
				SDKROOT = iphoneos;
				TARGETED_DEVICE_FAMILY = "1,2";
			};
			name = Release;
		};
		A969E6DAD221946CC46E7758 /* Debug */ = {
			isa = XCBuildConfiguration;
			buildSettings = {
				BUNDLE_LOADER = "$(TEST_HOST)";
				GENERATE_INFOPLIST_FILE = YES;
				INFOPLIST_GENERATION = YES;
				LD_RUNPATH_SEARCH_PATHS = (
					"$(inherited)",
					"@executable_path/Frameworks",
					"@loader_path/Frameworks",
				);
				PRODUCT_BUNDLE_IDENTIFIER = com.agentcontrol.simdriver.uitests;
				SDKROOT = iphoneos;
				TARGETED_DEVICE_FAMILY = "1,2";
				TEST_TARGET_NAME = SimDriver;
			};
			name = Debug;
		};
		AE2C1297F62224EF1164F700 /* Debug */ = {
			isa = XCBuildConfiguration;
			buildSettings = {
				ALWAYS_SEARCH_USER_PATHS = NO;
				CLANG_ANALYZER_NONNULL = YES;
				CLANG_ANALYZER_NUMBER_OBJECT_CONVERSION = YES_AGGRESSIVE;
				CLANG_CXX_LANGUAGE_STANDARD = "gnu++14";
				CLANG_CXX_LIBRARY = "libc++";
				CLANG_ENABLE_MODULES = YES;
				CLANG_ENABLE_OBJC_ARC = YES;
				CLANG_ENABLE_OBJC_WEAK = YES;
				CLANG_WARN_BLOCK_CAPTURE_AUTORELEASING = YES;
				CLANG_WARN_BOOL_CONVERSION = YES;
				CLANG_WARN_COMMA = YES;
				CLANG_WARN_CONSTANT_CONVERSION = YES;
				CLANG_WARN_DEPRECATED_OBJC_IMPLEMENTATIONS = YES;
				CLANG_WARN_DIRECT_OBJC_ISA_USAGE = YES_ERROR;
				CLANG_WARN_DOCUMENTATION_COMMENTS = YES;
				CLANG_WARN_EMPTY_BODY = YES;
				CLANG_WARN_ENUM_CONVERSION = YES;
				CLANG_WARN_INFINITE_RECURSION = YES;
				CLANG_WARN_INT_CONVERSION = YES;
				CLANG_WARN_NON_LITERAL_NULL_CONVERSION = YES;
				CLANG_WARN_OBJC_IMPLICIT_RETAIN_SELF = YES;
				CLANG_WARN_OBJC_LITERAL_CONVERSION = YES;
				CLANG_WARN_OBJC_ROOT_CLASS = YES_ERROR;
				CLANG_WARN_QUOTED_INCLUDE_IN_FRAMEWORK_HEADER = YES;
				CLANG_WARN_RANGE_LOOP_ANALYSIS = YES;
				CLANG_WARN_STRICT_PROTOTYPES = YES;
				CLANG_WARN_SUSPICIOUS_MOVE = YES;
				CLANG_WARN_UNGUARDED_AVAILABILITY = YES_AGGRESSIVE;
				CLANG_WARN_UNREACHABLE_CODE = YES;
				CLANG_WARN__DUPLICATE_METHOD_MATCH = YES;
				COPY_PHASE_STRIP = NO;
				DEBUG_INFORMATION_FORMAT = dwarf;
				ENABLE_STRICT_OBJC_MSGSEND = YES;
				ENABLE_TESTABILITY = YES;
				GCC_C_LANGUAGE_STANDARD = gnu11;
				GCC_DYNAMIC_NO_PIC = NO;
				GCC_NO_COMMON_BLOCKS = YES;
				GCC_OPTIMIZATION_LEVEL = 0;
				GCC_PREPROCESSOR_DEFINITIONS = (
					"$(inherited)",
					"DEBUG=1",
				);
				GCC_WARN_64_TO_32_BIT_CONVERSION = YES;
				GCC_WARN_ABOUT_RETURN_TYPE = YES_ERROR;
				GCC_WARN_UNDECLARED_SELECTOR = YES;
				GCC_WARN_UNINITIALIZED_AUTOS = YES_AGGRESSIVE;
				GCC_WARN_UNUSED_FUNCTION = YES;
				GCC_WARN_UNUSED_VARIABLE = YES;
				IPHONEOS_DEPLOYMENT_TARGET = 17.0;
				MTL_ENABLE_DEBUG_INFO = INCLUDE_SOURCE;
				MTL_FAST_MATH = YES;
				ONLY_ACTIVE_ARCH = YES;
				PRODUCT_NAME = "$(TARGET_NAME)";
				SDKROOT = iphoneos;
				SWIFT_ACTIVE_COMPILATION_CONDITIONS = DEBUG;
				SWIFT_OPTIMIZATION_LEVEL = "-Onone";
				SWIFT_VERSION = 5.0;
			};
			name = Debug;
		};
		E753BF90775494B51053126B /* Debug */ = {
			isa = XCBuildConfiguration;
			buildSettings = {
				ASSETCATALOG_COMPILER_APPICON_NAME = AppIcon;
				CODE_SIGN_IDENTITY = "iPhone Developer";
				GENERATE_INFOPLIST_FILE = YES;
				INFOPLIST_GENERATION = YES;
				LD_RUNPATH_SEARCH_PATHS = (
					"$(inherited)",
					"@executable_path/Frameworks",
				);
				PRODUCT_BUNDLE_IDENTIFIER = com.agentcontrol.simdriver;
				SDKROOT = iphoneos;
				TARGETED_DEVICE_FAMILY = "1,2";
			};
			name = Debug;
		};
/* End XCBuildConfiguration section */

/* Begin XCConfigurationList section */
		49BE8D757667F2483452EE12 /* Build configuration list for PBXProject "SimDriver" */ = {
			isa = XCConfigurationList;
			buildConfigurations = (
				AE2C1297F62224EF1164F700 /* Debug */,
				1BEC88A9A382E5722A8F96CA /* Release */,
			);
			defaultConfigurationIsVisible = 0;
			defaultConfigurationName = Debug;
		};
		95A3D16C571EC988035B9C04 /* Build configuration list for PBXNativeTarget "SimDriver" */ = {
			isa = XCConfigurationList;
			buildConfigurations = (
				E753BF90775494B51053126B /* Debug */,
				458FC4544934500B1AA2A8BF /* Release */,
			);
			defaultConfigurationIsVisible = 0;
			defaultConfigurationName = Debug;
		};
		B6E027769B5E31B853318729 /* Build configuration list for PBXNativeTarget "SimDriverUITests" */ = {
			isa = XCConfigurationList;
			buildConfigurations = (
				A969E6DAD221946CC46E7758 /* Debug */,
				02FA5980A8FDF1E1A2F072C1 /* Release */,
			);
			defaultConfigurationIsVisible = 0;
			defaultConfigurationName = Debug;
		};
/* End XCConfigurationList section */
	};
	rootObject = E085796BA99314BC56761DC1 /* Project object */;
}
